// !$*UTF8*$!
{
	archiveVersion = 1;
	classes = {
	};
	objectVersion = 50;
	objects = {

/* Begin PBXBuildFile section */
		FD291B8C217427FD00F42D42 /* AppDelegate.swift in Sources */ = {isa = PBXBuildFile; fileRef = FD291B8B217427FD00F42D42 /* AppDelegate.swift */; };
		FD291B8E217427FD00F42D42 /* ViewController.swift in Sources */ = {isa = PBXBuildFile; fileRef = FD291B8D217427FD00F42D42 /* ViewController.swift */; };
		FD291B91217427FD00F42D42 /* Main.storyboard in Resources */ = {isa = PBXBuildFile; fileRef = FD291B8F217427FD00F42D42 /* Main.storyboard */; };
		FD291B932174280600F42D42 /* Assets.xcassets in Resources */ = {isa = PBXBuildFile; fileRef = FD291B922174280600F42D42 /* Assets.xcassets */; };
		FD291B962174280600F42D42 /* LaunchScreen.storyboard in Resources */ = {isa = PBXBuildFile; fileRef = FD291B942174280600F42D42 /* LaunchScreen.storyboard */; };
		FD291BA0217428A800F42D42 /* AirQualityData.swift in Sources */ = {isa = PBXBuildFile; fileRef = FD291B9F217428A800F42D42 /* AirQualityData.swift */; };
/* End PBXBuildFile section */

/* Begin PBXFileReference section */
		FD291B88217427FD00F42D42 /* Busan AirQuality Parsing data class timer.app */ = {isa = PBXFileReference; explicitFileType = wrapper.application; includeInIndex = 0; path = "Busan AirQuality Parsing data class timer.app"; sourceTree = BUILT_PRODUCTS_DIR; };
		FD291B8B217427FD00F42D42 /* AppDelegate.swift */ = {isa = PBXFileReference; lastKnownFileType = sourcecode.swift; path = AppDelegate.swift; sourceTree = "<group>"; };
		FD291B8D217427FD00F42D42 /* ViewController.swift */ = {isa = PBXFileReference; lastKnownFileType = sourcecode.swift; path = ViewController.swift; sourceTree = "<group>"; };
		FD291B90217427FD00F42D42 /* Base */ = {isa = PBXFileReference; lastKnownFileType = file.storyboard; name = Base; path = Base.lproj/Main.storyboard; sourceTree = "<group>"; };
		FD291B922174280600F42D42 /* Assets.xcassets */ = {isa = PBXFileReference; lastKnownFileType = folder.assetcatalog; path = Assets.xcassets; sourceTree = "<group>"; };
		FD291B952174280600F42D42 /* Base */ = {isa = PBXFileReference; lastKnownFileType = file.storyboard; name = Base; path = Base.lproj/LaunchScreen.storyboard; sourceTree = "<group>"; };
		FD291B972174280600F42D42 /* Info.plist */ = {isa = PBXFileReference; lastKnownFileType = text.plist.xml; path = Info.plist; sourceTree = "<group>"; };
		FD291B9F217428A800F42D42 /* AirQualityData.swift */ = {isa = PBXFileReference; lastKnownFileType = sourcecode.swift; path = AirQualityData.swift; sourceTree = "<group>"; };
/* End PBXFileReference section */

/* Begin PBXFrameworksBuildPhase section */
		FD291B85217427FD00F42D42 /* Frameworks */ = {
			isa = PBXFrameworksBuildPhase;
			buildActionMask = 2147483647;
			files = (
			);
			runOnlyForDeploymentPostprocessing = 0;
		};
/* End PBXFrameworksBuildPhase section */

/* Begin PBXGroup section */
		FD291B7F217427FD00F42D42 = {
			isa = PBXGroup;
			children = (
				FD291B8A217427FD00F42D42 /* Busan AirQuality Parsing data class timer */,
				FD291B89217427FD00F42D42 /* Products */,
			);
			sourceTree = "<group>";
		};
		FD291B89217427FD00F42D42 /* Products */ = {
			isa = PBXGroup;
			children = (
				FD291B88217427FD00F42D42 /* Busan AirQuality Parsing data class timer.app */,
			);
			name = Products;
			sourceTree = "<group>";
		};
		FD291B8A217427FD00F42D42 /* Busan AirQuality Parsing data class timer */ = {
			isa = PBXGroup;
			children = (
				FD291B8B217427FD00F42D42 /* AppDelegate.swift */,
				FD291B8D217427FD00F42D42 /* ViewController.swift */,
				FD291B8F217427FD00F42D42 /* Main.storyboard */,
				FD291B922174280600F42D42 /* Assets.xcassets */,
				FD291B942174280600F42D42 /* LaunchScreen.storyboard */,
				FD291B972174280600F42D42 /* Info.plist */,
				FD291B9F217428A800F42D42 /* AirQualityData.swift */,
			);
			path = "Busan AirQuality Parsing data class timer";
			sourceTree = "<group>";
		};
/* End PBXGroup section */

/* Begin PBXNativeTarget section */
		FD291B87217427FD00F42D42 /* Busan AirQuality Parsing data class timer */ = {
			isa = PBXNativeTarget;
			buildConfigurationList = FD291B9A2174280600F42D42 /* Build configuration list for PBXNativeTarget "Busan AirQuality Parsing data class timer" */;
			buildPhases = (
				FD291B84217427FD00F42D42 /* Sources */,
				FD291B85217427FD00F42D42 /* Frameworks */,
				FD291B86217427FD00F42D42 /* Resources */,
			);
			buildRules = (
			);
			dependencies = (
			);
			name = "Busan AirQuality Parsing data class timer";
			productName = "Busan AirQuality Parsing data class timer";
			productReference = FD291B88217427FD00F42D42 /* Busan AirQuality Parsing data class timer.app */;
			productType = "com.apple.product-type.application";
		};
/* End PBXNativeTarget section */

/* Begin PBXProject section */
		FD291B80217427FD00F42D42 /* Project object */ = {
			isa = PBXProject;
			attributes = {
				LastSwiftUpdateCheck = 0940;
				LastUpgradeCheck = 0940;
				ORGANIZATIONNAME = D7703_23;
				TargetAttributes = {
					FD291B87217427FD00F42D42 = {
						CreatedOnToolsVersion = 9.4.1;
					};
				};
			};
			buildConfigurationList = FD291B83217427FD00F42D42 /* Build configuration list for PBXProject "Busan AirQuality Parsing data class timer" */;
			compatibilityVersion = "Xcode 9.3";
			developmentRegion = en;
			hasScannedForEncodings = 0;
			knownRegions = (
				en,
				Base,
			);
			mainGroup = FD291B7F217427FD00F42D42;
			productRefGroup = FD291B89217427FD00F42D42 /* Products */;
			projectDirPath = "";
			projectRoot = "";
			targets = (
				FD291B87217427FD00F42D42 /* Busan AirQuality Parsing data class timer */,
			);
		};
/* End PBXProject section */

/* Begin PBXResourcesBuildPhase section */
		FD291B86217427FD00F42D42 /* Resources */ = {
			isa = PBXResourcesBuildPhase;
			buildActionMask = 2147483647;
			files = (
				FD291B962174280600F42D42 /* LaunchScreen.storyboard in Resources */,
				FD291B932174280600F42D42 /* Assets.xcassets in Resources */,
				FD291B91217427FD00F42D42 /* Main.storyboard in Resources */,
			);
			runOnlyForDeploymentPostprocessing = 0;
		};
/* End PBXResourcesBuildPhase section */

/* Begin PBXSourcesBuildPhase section */
		FD291B84217427FD00F42D42 /* Sources */ = {
			isa = PBXSourcesBuildPhase;
			buildActionMask = 2147483647;
			files = (
				FD291B8E217427FD00F42D42 /* ViewController.swift in Sources */,
				FD291BA0217428A800F42D42 /* AirQualityData.swift in Sources */,
				FD291B8C217427FD00F42D42 /* AppDelegate.swift in Sources */,
			);
			runOnlyForDeploymentPostprocessing = 0;
		};
/* End PBXSourcesBuildPhase section */

/* Begin PBXVariantGroup section */
		FD291B8F217427FD00F42D42 /* Main.storyboard */ = {
			isa = PBXVariantGroup;
			children = (
				FD291B90217427FD00F42D42 /* Base */,
			);
			name = Main.storyboard;
			sourceTree = "<group>";
		};
		FD291B942174280600F42D42 /* LaunchScreen.storyboard */ = {
			isa = PBXVariantGroup;
			children = (
				FD291B952174280600F42D42 /* Base */,
			);
			name = LaunchScreen.storyboard;
			sourceTree = "<group>";
		};
/* End PBXVariantGroup section */

/* Begin XCBuildConfiguration section */
		FD291B982174280600F42D42 /* Debug */ = {
			isa = XCBuildConfiguration;
			buildSettings = {
				ALWAYS_SEARCH_USER_PATHS = NO;
				CLANG_ANALYZER_NONNULL = YES;
				CLANG_ANALYZER_NUMBER_OBJECT_CONVERSION = YES_AGGRESSIVE;
				CLANG_CXX_LANGUAGE_STANDARD = "gnu++14";
				CLANG_CXX_LIBRARY = "libc++";
				CLANG_ENABLE_MODULES = YES;
				CLANG_ENABLE_OBJC_ARC = YES;
				CLANG_ENABLE_OBJC_WEAK = YES;
				CLANG_WARN_BLOCK_CAPTURE_AUTORELEASING = YES;
				CLANG_WARN_BOOL_CONVERSION = YES;
				CLANG_WARN_COMMA = YES;
				CLANG_WARN_CONSTANT_CONVERSION = YES;
				CLANG_WARN_DEPRECATED_OBJC_IMPLEMENTATIONS = YES;
				CLANG_WARN_DIRECT_OBJC_ISA_USAGE = YES_ERROR;
				CLANG_WARN_DOCUMENTATION_COMMENTS = YES;
				CLANG_WARN_EMPTY_BODY = YES;
				CLANG_WARN_ENUM_CONVERSION = YES;
				CLANG_WARN_INFINITE_RECURSION = YES;
				CLANG_WARN_INT_CONVERSION = YES;
				CLANG_WARN_NON_LITERAL_NULL_CONVERSION = YES;
				CLANG_WARN_OBJC_IMPLICIT_RETAIN_SELF = YES;
				CLANG_WARN_OBJC_LITERAL_CONVERSION = YES;
				CLANG_WARN_OBJC_ROOT_CLASS = YES_ERROR;
				CLANG_WARN_RANGE_LOOP_ANALYSIS = YES;
				CLANG_WARN_STRICT_PROTOTYPES = YES;
				CLANG_WARN_SUSPICIOUS_MOVE = YES;
				CLANG_WARN_UNGUARDED_AVAILABILITY = YES_AGGRESSIVE;
				CLANG_WARN_UNREACHABLE_CODE = YES;
				CLANG_WARN__DUPLICATE_METHOD_MATCH = YES;
				CODE_SIGN_IDENTITY = "iPhone Developer";
				COPY_PHASE_STRIP = NO;
				DEBUG_INFORMATION_FORMAT = dwarf;
				ENABLE_STRICT_OBJC_MSGSEND = YES;
				ENABLE_TESTABILITY = YES;
				GCC_C_LANGUAGE_STANDARD = gnu11;
				GCC_DYNAMIC_NO_PIC = NO;
				GCC_NO_COMMON_BLOCKS = YES;
				GCC_OPTIMIZATION_LEVEL = 0;
				GCC_PREPROCESSOR_DEFINITIONS = (
					"DEBUG=1",
					"$(inherited)",
				);
				GCC_WARN_64_TO_32_BIT_CONVERSION = YES;
				GCC_WARN_ABOUT_RETURN_TYPE = YES_ERROR;
				GCC_WARN_UNDECLARED_SELECTOR = YES;
				GCC_WARN_UNINITIALIZED_AUTOS = YES_AGGRESSIVE;
				GCC_WARN_UNUSED_FUNCTION = YES;
				GCC_WARN_UNUSED_VARIABLE = YES;
				IPHONEOS_DEPLOYMENT_TARGET = 11.4;
				MTL_ENABLE_DEBUG_INFO = YES;
				ONLY_ACTIVE_ARCH = YES;
				SDKROOT = iphoneos;
				SWIFT_ACTIVE_COMPILATION_CONDITIONS = DEBUG;
				SWIFT_OPTIMIZATION_LEVEL = "-Onone";
			};
			name = Debug;
		};
		FD291B992174280600F42D42 /* Release */ = {
			isa = XCBuildConfiguration;
			buildSettings = {
				ALWAYS_SEARCH_USER_PATHS = NO;
				CLANG_ANALYZER_NONNULL = YES;
				CLANG_ANALYZER_NUMBER_OBJECT_CONVERSION = YES_AGGRESSIVE;
				CLANG_CXX_LANGUAGE_STANDARD = "gnu++14";
				CLANG_CXX_LIBRARY = "libc++";
				CLANG_ENABLE_MODULES = YES;
				CLANG_ENABLE_OBJC_ARC = YES;
				CLANG_ENABLE_OBJC_WEAK = YES;
				CLANG_WARN_BLOCK_CAPTURE_AUTORELEASING = YES;
				CLANG_WARN_BOOL_CONVERSION = YES;
				CLANG_WARN_COMMA = YES;
				CLANG_WARN_CONSTANT_CONVERSION = YES;
				CLANG_WARN_DEPRECATED_OBJC_IMPLEMENTATIONS = YES;
				CLANG_WARN_DIRECT_OBJC_ISA_USAGE = YES_ERROR;
				CLANG_WARN_DOCUMENTATION_COMMENTS = YES;
				CLANG_WARN_EMPTY_BODY = YES;
				CLANG_WARN_ENUM_CONVERSION = YES;
				CLANG_WARN_INFINITE_RECURSION = YES;
				CLANG_WARN_INT_CONVERSION = YES;
				CLANG_WARN_NON_LITERAL_NULL_CONVERSION = YES;
				CLANG_WARN_OBJC_IMPLICIT_RETAIN_SELF = YES;
				CLANG_WARN_OBJC_LITERAL_CONVERSION = YES;
				CLANG_WARN_OBJC_ROOT_CLASS = YES_ERROR;
				CLANG_WARN_RANGE_LOOP_ANALYSIS = YES;
				CLANG_WARN_STRICT_PROTOTYPES = YES;
				CLANG_WARN_SUSPICIOUS_MOVE = YES;
				CLANG_WARN_UNGUARDED_AVAILABILITY = YES_AGGRESSIVE;
				CLANG_WARN_UNREACHABLE_CODE = YES;
				CLANG_WARN__DUPLICATE_METHOD_MATCH = YES;
				CODE_SIGN_IDENTITY = "iPhone Developer";
				COPY_PHASE_STRIP = NO;
				DEBUG_INFORMATION_FORMAT = "dwarf-with-dsym";
				ENABLE_NS_ASSERTIONS = NO;
				ENABLE_STRICT_OBJC_MSGSEND = YES;
				GCC_C_LANGUAGE_STANDARD = gnu11;
				GCC_NO_COMMON_BLOCKS = YES;
				GCC_WARN_64_TO_32_BIT_CONVERSION = YES;
				GCC_WARN_ABOUT_RETURN_TYPE = YES_ERROR;
				GCC_WARN_UNDECLARED_SELECTOR = YES;
				GCC_WARN_UNINITIALIZED_AUTOS = YES_AGGRESSIVE;
				GCC_WARN_UNUSED_FUNCTION = YES;
				GCC_WARN_UNUSED_VARIABLE = YES;
				IPHONEOS_DEPLOYMENT_TARGET = 11.4;
				MTL_ENABLE_DEBUG_INFO = NO;
				SDKROOT = iphoneos;
				SWIFT_COMPILATION_MODE = wholemodule;
				SWIFT_OPTIMIZATION_LEVEL = "-O";
				VALIDATE_PRODUCT = YES;
			};
			name = Release;
		};
		FD291B9B2174280600F42D42 /* Debug */ = {
			isa = XCBuildConfiguration;
			buildSettings = {
				ASSETCATALOG_COMPILER_APPICON_NAME = AppIcon;
				CODE_SIGN_STYLE = Automatic;
				INFOPLIST_FILE = "Busan AirQuality Parsing data class timer/Info.plist";
				LD_RUNPATH_SEARCH_PATHS = (
					"$(inherited)",
					"@executable_path/Frameworks",
				);
				PRODUCT_BUNDLE_IDENTIFIER = "dit.ac.kr.Busan-AirQuality-Parsing-data-class-timer";
				PRODUCT_NAME = "$(TARGET_NAME)";
				SWIFT_VERSION = 4.0;
				TARGETED_DEVICE_FAMILY = "1,2";
			};
			name = Debug;
		};
		FD291B9C2174280600F42D42 /* Release */ = {
			isa = XCBuildConfiguration;
			buildSettings = {
				ASSETCATALOG_COMPILER_APPICON_NAME = AppIcon;
				CODE_SIGN_STYLE = Automatic;
				INFOPLIST_FILE = "Busan AirQuality Parsing data class timer/Info.plist";
				LD_RUNPATH_SEARCH_PATHS = (
					"$(inherited)",
					"@executable_path/Frameworks",
				);
				PRODUCT_BUNDLE_IDENTIFIER = "dit.ac.kr.Busan-AirQuality-Parsing-data-class-timer";
				PRODUCT_NAME = "$(TARGET_NAME)";
				SWIFT_VERSION = 4.0;
				TARGETED_DEVICE_FAMILY = "1,2";
			};
			name = Release;
		};
/* End XCBuildConfiguration section */

/* Begin XCConfigurationList section */
		FD291B83217427FD00F42D42 /* Build configuration list for PBXProject "Busan AirQuality Parsing data class timer" */ = {
			isa = XCConfigurationList;
			buildConfigurations = (
				FD291B982174280600F42D42 /* Debug */,
				FD291B992174280600F42D42 /* Release */,
			);
			defaultConfigurationIsVisible = 0;
			defaultConfigurationName = Release;
		};
		FD291B9A2174280600F42D42 /* Build configuration list for PBXNativeTarget "Busan AirQuality Parsing data class timer" */ = {
			isa = XCConfigurationList;
			buildConfigurations = (
				FD291B9B2174280600F42D42 /* Debug */,
				FD291B9C2174280600F42D42 /* Release */,
			);
			defaultConfigurationIsVisible = 0;
			defaultConfigurationName = Release;
		};
/* End XCConfigurationList section */
	};
	rootObject = FD291B80217427FD00F42D42 /* Project object */;
}
